
Microsoft Visual Studio Solution File, Format Version 12.00
# Visual Studio 14
VisualStudioVersion = 14.0.23107.0
MinimumVisualStudioVersion = 10.0.40219.1
Project("{8BC9CEB8-8B4A-11D0-8D11-00A0C91BC942}") = "MathLibrary", "MathLibrary\MathLibrary.vcxproj", "{0E8EFB29-26CD-476F-B255-AA02128A24A9}"
EndProject
Project("{8BC9CEB8-8B4A-11D0-8D11-00A0C91BC942}") = "MathLibraryTestCases", "MathLibraryTestCases\MathLibraryTestCases.vcxproj", "{A17ADF27-8CD9-45AB-B9D7-2685B748F4FC}"
EndProject
Project("{8BC9CEB8-8B4A-11D0-8D11-00A0C91BC942}") = "HelloWorld", "HelloWorld\HelloWorld.vcxproj", "{0BFADA73-33B6-4AFC-A684-A95A3CCCEFD2}"
EndProject
Project("{8BC9CEB8-8B4A-11D0-8D11-00A0C91BC942}") = "GameEngine", "GameEngine\GameEngine.vcxproj", "{E6FF0FAF-4666-4B12-B3AE-C3DCB801BFBF}"
EndProject
Global
	GlobalSection(SolutionConfigurationPlatforms) = preSolution
		Debug|Win32 = Debug|Win32
		Debug|x64 = Debug|x64
		Release|Win32 = Release|Win32
		Release|x64 = Release|x64
	EndGlobalSection
	GlobalSection(ProjectConfigurationPlatforms) = postSolution
		{0E8EFB29-26CD-476F-B255-AA02128A24A9}.Debug|Win32.ActiveCfg = Debug|Win32
		{0E8EFB29-26CD-476F-B255-AA02128A24A9}.Debug|Win32.Build.0 = Debug|Win32
		{0E8EFB29-26CD-476F-B255-AA02128A24A9}.Debug|x64.ActiveCfg = Debug|Win32
		{0E8EFB29-26CD-476F-B255-AA02128A24A9}.Release|Win32.ActiveCfg = Release|Win32
		{0E8EFB29-26CD-476F-B255-AA02128A24A9}.Release|Win32.Build.0 = Release|Win32
		{0E8EFB29-26CD-476F-B255-AA02128A24A9}.Release|x64.ActiveCfg = Release|Win32
		{A17ADF27-8CD9-45AB-B9D7-2685B748F4FC}.Debug|Win32.ActiveCfg = Debug|Win32
		{A17ADF27-8CD9-45AB-B9D7-2685B748F4FC}.Debug|Win32.Build.0 = Debug|Win32
		{A17ADF27-8CD9-45AB-B9D7-2685B748F4FC}.Debug|x64.ActiveCfg = Debug|Win32
		{A17ADF27-8CD9-45AB-B9D7-2685B748F4FC}.Release|Win32.ActiveCfg = Release|Win32
		{A17ADF27-8CD9-45AB-B9D7-2685B748F4FC}.Release|Win32.Build.0 = Release|Win32
		{A17ADF27-8CD9-45AB-B9D7-2685B748F4FC}.Release|x64.ActiveCfg = Release|Win32
		{0BFADA73-33B6-4AFC-A684-A95A3CCCEFD2}.Debug|Win32.ActiveCfg = Debug|Win32
		{0BFADA73-33B6-4AFC-A684-A95A3CCCEFD2}.Debug|Win32.Build.0 = Debug|Win32
		{0BFADA73-33B6-4AFC-A684-A95A3CCCEFD2}.Debug|x64.ActiveCfg = Debug|x64
		{0BFADA73-33B6-4AFC-A684-A95A3CCCEFD2}.Debug|x64.Build.0 = Debug|x64
		{0BFADA73-33B6-4AFC-A684-A95A3CCCEFD2}.Release|Win32.ActiveCfg = Release|Win32
		{0BFADA73-33B6-4AFC-A684-A95A3CCCEFD2}.Release|Win32.Build.0 = Release|Win32
		{0BFADA73-33B6-4AFC-A684-A95A3CCCEFD2}.Release|x64.ActiveCfg = Release|x64
		{0BFADA73-33B6-4AFC-A684-A95A3CCCEFD2}.Release|x64.Build.0 = Release|x64
		{E6FF0FAF-4666-4B12-B3AE-C3DCB801BFBF}.Debug|Win32.ActiveCfg = Debug|Win32
		{E6FF0FAF-4666-4B12-B3AE-C3DCB801BFBF}.Debug|Win32.Build.0 = Debug|Win32
		{E6FF0FAF-4666-4B12-B3AE-C3DCB801BFBF}.Debug|x64.ActiveCfg = Debug|x64
		{E6FF0FAF-4666-4B12-B3AE-C3DCB801BFBF}.Debug|x64.Build.0 = Debug|x64
		{E6FF0FAF-4666-4B12-B3AE-C3DCB801BFBF}.Release|Win32.ActiveCfg = Release|Win32
		{E6FF0FAF-4666-4B12-B3AE-C3DCB801BFBF}.Release|Win32.Build.0 = Release|Win32
		{E6FF0FAF-4666-4B12-B3AE-C3DCB801BFBF}.Release|x64.ActiveCfg = Release|x64
		{E6FF0FAF-4666-4B12-B3AE-C3DCB801BFBF}.Release|x64.Build.0 = Release|x64
	EndGlobalSection
	GlobalSection(SolutionProperties) = preSolution
		HideSolutionNode = FALSE
	EndGlobalSection
EndGlobal
